
Microsoft Visual Studio Solution File, Format Version 12.00
# Visual Studio Version 16
VisualStudioVersion = 16.0.31410.357
MinimumVisualStudioVersion = 10.0.40219.1
Project("{9A19103F-16F7-4668-BE54-9A1E7A4F7556}") = "Friss", "test\Friss.csproj", "{8F27F927-83D1-47E6-BDF6-914D97F4A60A}"
EndProject
Project("{9A19103F-16F7-4668-BE54-9A1E7A4F7556}") = "Fraud.Component.Matching", "FRISS.NamesSimilarity\Fraud.Component.Matching.csproj", "{950BB00C-EA90-4C2A-AE66-110649339D2F}"
EndProject
Project("{9A19103F-16F7-4668-BE54-9A1E7A4F7556}") = "Fraud.Component.Utilities", "FRISS.Components.Utilities\Fraud.Component.Utilities.csproj", "{DD6B562E-09AC-43C7-B11C-D8C943789F5E}"
EndProject
Project("{9A19103F-16F7-4668-BE54-9A1E7A4F7556}") = "Fraud.Test", "FRISS.Fraud.Test\Fraud.Test.csproj", "{ECAAACCD-43EE-4E61-9EBE-07E511479C04}"
EndProject
Project("{FAE04EC0-301F-11D3-BF4B-00C04F79EFBC}") = "Fraud.Component.DataAccessLayer", "FRISS.DataAccessLayer\Fraud.Component.DataAccessLayer.csproj", "{EC335374-6435-4770-A2C7-94DB0550885D}"
EndProject
Project("{FAE04EC0-301F-11D3-BF4B-00C04F79EFBC}") = "Fraud.Component.Common", "FRISS.Common\Fraud.Component.Common.csproj", "{FED7D4CB-6D6B-4F73-B74F-D03593A75683}"
EndProject
Global
	GlobalSection(SolutionConfigurationPlatforms) = preSolution
		Debug|Any CPU = Debug|Any CPU
		Release|Any CPU = Release|Any CPU
	EndGlobalSection
	GlobalSection(ProjectConfigurationPlatforms) = postSolution
		{8F27F927-83D1-47E6-BDF6-914D97F4A60A}.Debug|Any CPU.ActiveCfg = Debug|Any CPU
		{8F27F927-83D1-47E6-BDF6-914D97F4A60A}.Debug|Any CPU.Build.0 = Debug|Any CPU
		{8F27F927-83D1-47E6-BDF6-914D97F4A60A}.Release|Any CPU.ActiveCfg = Release|Any CPU
		{8F27F927-83D1-47E6-BDF6-914D97F4A60A}.Release|Any CPU.Build.0 = Release|Any CPU
		{950BB00C-EA90-4C2A-AE66-110649339D2F}.Debug|Any CPU.ActiveCfg = Debug|Any CPU
		{950BB00C-EA90-4C2A-AE66-110649339D2F}.Debug|Any CPU.Build.0 = Debug|Any CPU
		{950BB00C-EA90-4C2A-AE66-110649339D2F}.Release|Any CPU.ActiveCfg = Release|Any CPU
		{950BB00C-EA90-4C2A-AE66-110649339D2F}.Release|Any CPU.Build.0 = Release|Any CPU
		{DD6B562E-09AC-43C7-B11C-D8C943789F5E}.Debug|Any CPU.ActiveCfg = Debug|Any CPU
		{DD6B562E-09AC-43C7-B11C-D8C943789F5E}.Debug|Any CPU.Build.0 = Debug|Any CPU
		{DD6B562E-09AC-43C7-B11C-D8C943789F5E}.Release|Any CPU.ActiveCfg = Release|Any CPU
		{DD6B562E-09AC-43C7-B11C-D8C943789F5E}.Release|Any CPU.Build.0 = Release|Any CPU
		{ECAAACCD-43EE-4E61-9EBE-07E511479C04}.Debug|Any CPU.ActiveCfg = Debug|Any CPU
		{ECAAACCD-43EE-4E61-9EBE-07E511479C04}.Debug|Any CPU.Build.0 = Debug|Any CPU
		{ECAAACCD-43EE-4E61-9EBE-07E511479C04}.Release|Any CPU.ActiveCfg = Release|Any CPU
		{ECAAACCD-43EE-4E61-9EBE-07E511479C04}.Release|Any CPU.Build.0 = Release|Any CPU
		{EC335374-6435-4770-A2C7-94DB0550885D}.Debug|Any CPU.ActiveCfg = Debug|Any CPU
		{EC335374-6435-4770-A2C7-94DB0550885D}.Debug|Any CPU.Build.0 = Debug|Any CPU
		{EC335374-6435-4770-A2C7-94DB0550885D}.Release|Any CPU.ActiveCfg = Release|Any CPU
		{EC335374-6435-4770-A2C7-94DB0550885D}.Release|Any CPU.Build.0 = Release|Any CPU
		{FED7D4CB-6D6B-4F73-B74F-D03593A75683}.Debug|Any CPU.ActiveCfg = Debug|Any CPU
		{FED7D4CB-6D6B-4F73-B74F-D03593A75683}.Debug|Any CPU.Build.0 = Debug|Any CPU
		{FED7D4CB-6D6B-4F73-B74F-D03593A75683}.Release|Any CPU.ActiveCfg = Release|Any CPU
		{FED7D4CB-6D6B-4F73-B74F-D03593A75683}.Release|Any CPU.Build.0 = Release|Any CPU
	EndGlobalSection
	GlobalSection(SolutionProperties) = preSolution
		HideSolutionNode = FALSE
	EndGlobalSection
	GlobalSection(ExtensibilityGlobals) = postSolution
		SolutionGuid = {0E6C6B16-6404-4472-B252-7842164182FA}
	EndGlobalSection
EndGlobal
